Microsoft Visual Studio Solution File, Format Version 12.00
# Visual Studio 2012
Project("{FAE04EC0-301F-11D3-BF4B-00C04F79EFBC}") = "2D-Template Gamedev Jam", "2D-Template Gamedev Jam.csproj", "{21892474-0C9D-476C-846A-70A65501DEAD}"
EndProject
Global
	GlobalSection(SolutionConfigurationPlatforms) = preSolution
	Debug|Any CPU = Debug|Any CPU
	ExportDebug|Any CPU = ExportDebug|Any CPU
	ExportRelease|Any CPU = ExportRelease|Any CPU
	EndGlobalSection
	GlobalSection(ProjectConfigurationPlatforms) = postSolution
		{21892474-0C9D-476C-846A-70A65501DEAD}.Debug|Any CPU.ActiveCfg = Debug|Any CPU
		{21892474-0C9D-476C-846A-70A65501DEAD}.Debug|Any CPU.Build.0 = Debug|Any CPU
		{21892474-0C9D-476C-846A-70A65501DEAD}.ExportDebug|Any CPU.ActiveCfg = ExportDebug|Any CPU
		{21892474-0C9D-476C-846A-70A65501DEAD}.ExportDebug|Any CPU.Build.0 = ExportDebug|Any CPU
		{21892474-0C9D-476C-846A-70A65501DEAD}.ExportRelease|Any CPU.ActiveCfg = ExportRelease|Any CPU
		{21892474-0C9D-476C-846A-70A65501DEAD}.ExportRelease|Any CPU.Build.0 = ExportRelease|Any CPU
	EndGlobalSection
EndGlobal
